
Microsoft Visual Studio Solution File, Format Version 12.00
# Visual Studio Version 17
VisualStudioVersion = 17.1.32210.238
MinimumVisualStudioVersion = 10.0.40219.1
Project("{FAE04EC0-301F-11D3-BF4B-00C04F79EFBC}") = "TTL-Changer", "TTL-Changer\TTL-Changer.csproj", "{53F12810-CBD2-456A-9176-F96F3C4B01C1}"
EndProject
Project("{2150E333-8FDC-42A3-9474-1A3956D46DE8}") = "Solution Items", "Solution Items", "{A97D1FEC-9E58-4CDA-9A3C-059E682E4C52}"
	ProjectSection(SolutionItems) = preProject
		.editorconfig = .editorconfig
	EndProjectSection
EndProject
Global
	GlobalSection(SolutionConfigurationPlatforms) = preSolution
		Debug|Any CPU = Debug|Any CPU
		Release|Any CPU = Release|Any CPU
	EndGlobalSection
	GlobalSection(ProjectConfigurationPlatforms) = postSolution
		{53F12810-CBD2-456A-9176-F96F3C4B01C1}.Debug|Any CPU.ActiveCfg = Debug|Any CPU
		{53F12810-CBD2-456A-9176-F96F3C4B01C1}.Debug|Any CPU.Build.0 = Debug|Any CPU
		{53F12810-CBD2-456A-9176-F96F3C4B01C1}.Release|Any CPU.ActiveCfg = Release|Any CPU
		{53F12810-CBD2-456A-9176-F96F3C4B01C1}.Release|Any CPU.Build.0 = Release|Any CPU
	EndGlobalSection
	GlobalSection(SolutionProperties) = preSolution
		HideSolutionNode = FALSE
	EndGlobalSection
	GlobalSection(ExtensibilityGlobals) = postSolution
		SolutionGuid = {945AC16C-696D-459B-8DAF-4D41EE77A262}
	EndGlobalSection
EndGlobal
